// !$*UTF8*$!
{
	archiveVersion = 1;
	classes = {
	};
	objectVersion = 55;
	objects = {

/* Begin PBXBuildFile section */
		9A0E38FE2860A2DF008CDD37 /* PokemonTableViewCell.swift in Sources */ = {isa = PBXBuildFile; fileRef = 9A0E38FC2860A2DF008CDD37 /* PokemonTableViewCell.swift */; };
		9A0E38FF2860A2DF008CDD37 /* PokemonTableViewCell.xib in Resources */ = {isa = PBXBuildFile; fileRef = 9A0E38FD2860A2DF008CDD37 /* PokemonTableViewCell.xib */; };
		9A2986832821415800B7FF2C /* DataBaseController.swift in Sources */ = {isa = PBXBuildFile; fileRef = 9A2986822821415800B7FF2C /* DataBaseController.swift */; };
		9A29868628214ABB00B7FF2C /* CellDadosTableViewCell.swift in Sources */ = {isa = PBXBuildFile; fileRef = 9A29868428214ABB00B7FF2C /* CellDadosTableViewCell.swift */; };
		9A29868728214ABB00B7FF2C /* CellDadosTableViewCell.xib in Resources */ = {isa = PBXBuildFile; fileRef = 9A29868528214ABB00B7FF2C /* CellDadosTableViewCell.xib */; };
		9A3B594C281ABF59008ACEC4 /* AppDelegate.swift in Sources */ = {isa = PBXBuildFile; fileRef = 9A3B594B281ABF59008ACEC4 /* AppDelegate.swift */; };
		9A3B594E281ABF59008ACEC4 /* SceneDelegate.swift in Sources */ = {isa = PBXBuildFile; fileRef = 9A3B594D281ABF59008ACEC4 /* SceneDelegate.swift */; };
		9A3B5950281ABF59008ACEC4 /* ViewController.swift in Sources */ = {isa = PBXBuildFile; fileRef = 9A3B594F281ABF59008ACEC4 /* ViewController.swift */; };
		9A3B5953281ABF5A008ACEC4 /* Main.storyboard in Resources */ = {isa = PBXBuildFile; fileRef = 9A3B5951281ABF5A008ACEC4 /* Main.storyboard */; };
		9A3B5956281ABF5A008ACEC4 /* Estudo.xcdatamodeld in Sources */ = {isa = PBXBuildFile; fileRef = 9A3B5954281ABF5A008ACEC4 /* Estudo.xcdatamodeld */; };
		9A3B5958281ABF5E008ACEC4 /* Assets.xcassets in Resources */ = {isa = PBXBuildFile; fileRef = 9A3B5957281ABF5E008ACEC4 /* Assets.xcassets */; };
		9A3B595B281ABF5E008ACEC4 /* LaunchScreen.storyboard in Resources */ = {isa = PBXBuildFile; fileRef = 9A3B5959281ABF5E008ACEC4 /* LaunchScreen.storyboard */; };
		9A3B5966281ABF5F008ACEC4 /* EstudoTests.swift in Sources */ = {isa = PBXBuildFile; fileRef = 9A3B5965281ABF5F008ACEC4 /* EstudoTests.swift */; };
		9A3B5970281ABF5F008ACEC4 /* EstudoUITests.swift in Sources */ = {isa = PBXBuildFile; fileRef = 9A3B596F281ABF5F008ACEC4 /* EstudoUITests.swift */; };
		9A3B5972281ABF5F008ACEC4 /* EstudoUITestsLaunchTests.swift in Sources */ = {isa = PBXBuildFile; fileRef = 9A3B5971281ABF5F008ACEC4 /* EstudoUITestsLaunchTests.swift */; };
		9A7317AC2841299900D494BC /* Pokemon.swift in Sources */ = {isa = PBXBuildFile; fileRef = 9A7317AB2841299900D494BC /* Pokemon.swift */; };
		9A8E49CE281C2B1E009DFAB6 /* UIView+Extensions.swift in Sources */ = {isa = PBXBuildFile; fileRef = 9A8E49CD281C2B1E009DFAB6 /* UIView+Extensions.swift */; };
		9AD107C528200FB8003601DC /* SignUpViewController.swift in Sources */ = {isa = PBXBuildFile; fileRef = 9AD107C428200FB8003601DC /* SignUpViewController.swift */; };
		9AE80AEF283535AA00693423 /* SignInViewModel.swift in Sources */ = {isa = PBXBuildFile; fileRef = 9AE80AEE283535AA00693423 /* SignInViewModel.swift */; };
/* End PBXBuildFile section */

/* Begin PBXContainerItemProxy section */
		9A3B5962281ABF5F008ACEC4 /* PBXContainerItemProxy */ = {
			isa = PBXContainerItemProxy;
			containerPortal = 9A3B5940281ABF59008ACEC4 /* Project object */;
			proxyType = 1;
			remoteGlobalIDString = 9A3B5947281ABF59008ACEC4;
			remoteInfo = Estudo;
		};
		9A3B596C281ABF5F008ACEC4 /* PBXContainerItemProxy */ = {
			isa = PBXContainerItemProxy;
			containerPortal = 9A3B5940281ABF59008ACEC4 /* Project object */;
			proxyType = 1;
			remoteGlobalIDString = 9A3B5947281ABF59008ACEC4;
			remoteInfo = Estudo;
		};
/* End PBXContainerItemProxy section */

/* Begin PBXFileReference section */
		9A0E38FC2860A2DF008CDD37 /* PokemonTableViewCell.swift */ = {isa = PBXFileReference; lastKnownFileType = sourcecode.swift; path = PokemonTableViewCell.swift; sourceTree = "<group>"; };
		9A0E38FD2860A2DF008CDD37 /* PokemonTableViewCell.xib */ = {isa = PBXFileReference; lastKnownFileType = file.xib; path = PokemonTableViewCell.xib; sourceTree = "<group>"; };
		9A2986822821415800B7FF2C /* DataBaseController.swift */ = {isa = PBXFileReference; lastKnownFileType = sourcecode.swift; path = DataBaseController.swift; sourceTree = "<group>"; };
		9A29868428214ABB00B7FF2C /* CellDadosTableViewCell.swift */ = {isa = PBXFileReference; lastKnownFileType = sourcecode.swift; path = CellDadosTableViewCell.swift; sourceTree = "<group>"; };
		9A29868528214ABB00B7FF2C /* CellDadosTableViewCell.xib */ = {isa = PBXFileReference; lastKnownFileType = file.xib; path = CellDadosTableViewCell.xib; sourceTree = "<group>"; };
		9A3B5948281ABF59008ACEC4 /* Estudo.app */ = {isa = PBXFileReference; explicitFileType = wrapper.application; includeInIndex = 0; path = Estudo.app; sourceTree = BUILT_PRODUCTS_DIR; };
		9A3B594B281ABF59008ACEC4 /* AppDelegate.swift */ = {isa = PBXFileReference; lastKnownFileType = sourcecode.swift; path = AppDelegate.swift; sourceTree = "<group>"; };
		9A3B594D281ABF59008ACEC4 /* SceneDelegate.swift */ = {isa = PBXFileReference; lastKnownFileType = sourcecode.swift; path = SceneDelegate.swift; sourceTree = "<group>"; };
		9A3B594F281ABF59008ACEC4 /* ViewController.swift */ = {isa = PBXFileReference; lastKnownFileType = sourcecode.swift; path = ViewController.swift; sourceTree = "<group>"; };
		9A3B5952281ABF5A008ACEC4 /* Base */ = {isa = PBXFileReference; lastKnownFileType = file.storyboard; name = Base; path = Base.lproj/Main.storyboard; sourceTree = "<group>"; };
		9A3B5955281ABF5A008ACEC4 /* Estudo.xcdatamodel */ = {isa = PBXFileReference; lastKnownFileType = wrapper.xcdatamodel; path = Estudo.xcdatamodel; sourceTree = "<group>"; };
		9A3B5957281ABF5E008ACEC4 /* Assets.xcassets */ = {isa = PBXFileReference; lastKnownFileType = folder.assetcatalog; path = Assets.xcassets; sourceTree = "<group>"; };
		9A3B595A281ABF5E008ACEC4 /* Base */ = {isa = PBXFileReference; lastKnownFileType = file.storyboard; name = Base; path = Base.lproj/LaunchScreen.storyboard; sourceTree = "<group>"; };
		9A3B595C281ABF5E008ACEC4 /* Info.plist */ = {isa = PBXFileReference; lastKnownFileType = text.plist.xml; path = Info.plist; sourceTree = "<group>"; };
		9A3B5961281ABF5F008ACEC4 /* EstudoTests.xctest */ = {isa = PBXFileReference; explicitFileType = wrapper.cfbundle; includeInIndex = 0; path = EstudoTests.xctest; sourceTree = BUILT_PRODUCTS_DIR; };
		9A3B5965281ABF5F008ACEC4 /* EstudoTests.swift */ = {isa = PBXFileReference; lastKnownFileType = sourcecode.swift; path = EstudoTests.swift; sourceTree = "<group>"; };
		9A3B596B281ABF5F008ACEC4 /* EstudoUITests.xctest */ = {isa = PBXFileReference; explicitFileType = wrapper.cfbundle; includeInIndex = 0; path = EstudoUITests.xctest; sourceTree = BUILT_PRODUCTS_DIR; };
		9A3B596F281ABF5F008ACEC4 /* EstudoUITests.swift */ = {isa = PBXFileReference; lastKnownFileType = sourcecode.swift; path = EstudoUITests.swift; sourceTree = "<group>"; };
		9A3B5971281ABF5F008ACEC4 /* EstudoUITestsLaunchTests.swift */ = {isa = PBXFileReference; lastKnownFileType = sourcecode.swift; path = EstudoUITestsLaunchTests.swift; sourceTree = "<group>"; };
		9A7317AB2841299900D494BC /* Pokemon.swift */ = {isa = PBXFileReference; lastKnownFileType = sourcecode.swift; path = Pokemon.swift; sourceTree = "<group>"; };
		9A8E49CD281C2B1E009DFAB6 /* UIView+Extensions.swift */ = {isa = PBXFileReference; lastKnownFileType = sourcecode.swift; path = "UIView+Extensions.swift"; sourceTree = "<group>"; };
		9AD107C428200FB8003601DC /* SignUpViewController.swift */ = {isa = PBXFileReference; lastKnownFileType = sourcecode.swift; path = SignUpViewController.swift; sourceTree = "<group>"; };
		9AE80AEE283535AA00693423 /* SignInViewModel.swift */ = {isa = PBXFileReference; lastKnownFileType = sourcecode.swift; path = SignInViewModel.swift; sourceTree = "<group>"; };
/* End PBXFileReference section */

/* Begin PBXFrameworksBuildPhase section */
		9A3B5945281ABF59008ACEC4 /* Frameworks */ = {
			isa = PBXFrameworksBuildPhase;
			buildActionMask = 2147483647;
			files = (
			);
			runOnlyForDeploymentPostprocessing = 0;
		};
		9A3B595E281ABF5F008ACEC4 /* Frameworks */ = {
			isa = PBXFrameworksBuildPhase;
			buildActionMask = 2147483647;
			files = (
			);
			runOnlyForDeploymentPostprocessing = 0;
		};
		9A3B5968281ABF5F008ACEC4 /* Frameworks */ = {
			isa = PBXFrameworksBuildPhase;
			buildActionMask = 2147483647;
			files = (
			);
			runOnlyForDeploymentPostprocessing = 0;
		};
/* End PBXFrameworksBuildPhase section */

/* Begin PBXGroup section */
		9A36865228634A9100DF6B11 /* SignUp */ = {
			isa = PBXGroup;
			children = (
				9A36865328634AA700DF6B11 /* Controller */,
			);
			path = SignUp;
			sourceTree = "<group>";
		};
		9A36865328634AA700DF6B11 /* Controller */ = {
			isa = PBXGroup;
			children = (
				9AD107C428200FB8003601DC /* SignUpViewController.swift */,
			);
			path = Controller;
			sourceTree = "<group>";
		};
		9A36865428634AD800DF6B11 /* Pokemon */ = {
			isa = PBXGroup;
			children = (
				9A36865528634AE300DF6B11 /* Controller */,
			);
			path = Pokemon;
			sourceTree = "<group>";
		};
		9A36865528634AE300DF6B11 /* Controller */ = {
			isa = PBXGroup;
			children = (
				9A36865628634AFC00DF6B11 /* Cells */,
			);
			path = Controller;
			sourceTree = "<group>";
		};
		9A36865628634AFC00DF6B11 /* Cells */ = {
			isa = PBXGroup;
			children = (
				9A0E38FC2860A2DF008CDD37 /* PokemonTableViewCell.swift */,
				9A0E38FD2860A2DF008CDD37 /* PokemonTableViewCell.xib */,
			);
			path = Cells;
			sourceTree = "<group>";
		};
		9A36865728634B1F00DF6B11 /* SignIn */ = {
			isa = PBXGroup;
			children = (
				9A36865A28634B4700DF6B11 /* ViewModel */,
				9A36865828634B2B00DF6B11 /* Controller */,
			);
			path = SignIn;
			sourceTree = "<group>";
		};
		9A36865828634B2B00DF6B11 /* Controller */ = {
			isa = PBXGroup;
			children = (
				9A3B594F281ABF59008ACEC4 /* ViewController.swift */,
			);
			path = Controller;
			sourceTree = "<group>";
		};
		9A36865A28634B4700DF6B11 /* ViewModel */ = {
			isa = PBXGroup;
			children = (
				9AE80AEE283535AA00693423 /* SignInViewModel.swift */,
			);
			path = ViewModel;
			sourceTree = "<group>";
		};
		9A3B593F281ABF59008ACEC4 = {
			isa = PBXGroup;
			children = (
				9A3B594A281ABF59008ACEC4 /* Estudo */,
				9A3B5964281ABF5F008ACEC4 /* EstudoTests */,
				9A3B596E281ABF5F008ACEC4 /* EstudoUITests */,
				9A3B5949281ABF59008ACEC4 /* Products */,
			);
			sourceTree = "<group>";
		};
		9A3B5949281ABF59008ACEC4 /* Products */ = {
			isa = PBXGroup;
			children = (
				9A3B5948281ABF59008ACEC4 /* Estudo.app */,
				9A3B5961281ABF5F008ACEC4 /* EstudoTests.xctest */,
				9A3B596B281ABF5F008ACEC4 /* EstudoUITests.xctest */,
			);
			name = Products;
			sourceTree = "<group>";
		};
		9A3B594A281ABF59008ACEC4 /* Estudo */ = {
			isa = PBXGroup;
			children = (
				9A36865728634B1F00DF6B11 /* SignIn */,
				9A36865428634AD800DF6B11 /* Pokemon */,
				9A36865228634A9100DF6B11 /* SignUp */,
				9A8E49CA281C2A90009DFAB6 /* Extensions */,
				9A3B594B281ABF59008ACEC4 /* AppDelegate.swift */,
				9A29868428214ABB00B7FF2C /* CellDadosTableViewCell.swift */,
				9A29868528214ABB00B7FF2C /* CellDadosTableViewCell.xib */,
				9A2986822821415800B7FF2C /* DataBaseController.swift */,
				9A3B594D281ABF59008ACEC4 /* SceneDelegate.swift */,
				9A7317AB2841299900D494BC /* Pokemon.swift */,
				9A3B5951281ABF5A008ACEC4 /* Main.storyboard */,
				9A3B5957281ABF5E008ACEC4 /* Assets.xcassets */,
				9A3B5959281ABF5E008ACEC4 /* LaunchScreen.storyboard */,
				9A3B595C281ABF5E008ACEC4 /* Info.plist */,
				9A3B5954281ABF5A008ACEC4 /* Estudo.xcdatamodeld */,
			);
			path = Estudo;
			sourceTree = "<group>";
		};
		9A3B5964281ABF5F008ACEC4 /* EstudoTests */ = {
			isa = PBXGroup;
			children = (
				9A3B5965281ABF5F008ACEC4 /* EstudoTests.swift */,
			);
			path = EstudoTests;
			sourceTree = "<group>";
		};
		9A3B596E281ABF5F008ACEC4 /* EstudoUITests */ = {
			isa = PBXGroup;
			children = (
				9A3B596F281ABF5F008ACEC4 /* EstudoUITests.swift */,
				9A3B5971281ABF5F008ACEC4 /* EstudoUITestsLaunchTests.swift */,
			);
			path = EstudoUITests;
			sourceTree = "<group>";
		};
		9A8E49CA281C2A90009DFAB6 /* Extensions */ = {
			isa = PBXGroup;
			children = (
				9A8E49CD281C2B1E009DFAB6 /* UIView+Extensions.swift */,
			);
			path = Extensions;
			sourceTree = "<group>";
		};
/* End PBXGroup section */

/* Begin PBXNativeTarget section */
		9A3B5947281ABF59008ACEC4 /* Estudo */ = {
			isa = PBXNativeTarget;
			buildConfigurationList = 9A3B5975281ABF5F008ACEC4 /* Build configuration list for PBXNativeTarget "Estudo" */;
			buildPhases = (
				9A3B5944281ABF59008ACEC4 /* Sources */,
				9A3B5945281ABF59008ACEC4 /* Frameworks */,
				9A3B5946281ABF59008ACEC4 /* Resources */,
			);
			buildRules = (
			);
			dependencies = (
			);
			name = Estudo;
			productName = Estudo;
			productReference = 9A3B5948281ABF59008ACEC4 /* Estudo.app */;
			productType = "com.apple.product-type.application";
		};
		9A3B5960281ABF5F008ACEC4 /* EstudoTests */ = {
			isa = PBXNativeTarget;
			buildConfigurationList = 9A3B5978281ABF5F008ACEC4 /* Build configuration list for PBXNativeTarget "EstudoTests" */;
			buildPhases = (
				9A3B595D281ABF5F008ACEC4 /* Sources */,
				9A3B595E281ABF5F008ACEC4 /* Frameworks */,
				9A3B595F281ABF5F008ACEC4 /* Resources */,
			);
			buildRules = (
			);
			dependencies = (
				9A3B5963281ABF5F008ACEC4 /* PBXTargetDependency */,
			);
			name = EstudoTests;
			productName = EstudoTests;
			productReference = 9A3B5961281ABF5F008ACEC4 /* EstudoTests.xctest */;
			productType = "com.apple.product-type.bundle.unit-test";
		};
		9A3B596A281ABF5F008ACEC4 /* EstudoUITests */ = {
			isa = PBXNativeTarget;
			buildConfigurationList = 9A3B597B281ABF5F008ACEC4 /* Build configuration list for PBXNativeTarget "EstudoUITests" */;
			buildPhases = (
				9A3B5967281ABF5F008ACEC4 /* Sources */,
				9A3B5968281ABF5F008ACEC4 /* Frameworks */,
				9A3B5969281ABF5F008ACEC4 /* Resources */,
			);
			buildRules = (
			);
			dependencies = (
				9A3B596D281ABF5F008ACEC4 /* PBXTargetDependency */,
			);
			name = EstudoUITests;
			productName = EstudoUITests;
			productReference = 9A3B596B281ABF5F008ACEC4 /* EstudoUITests.xctest */;
			productType = "com.apple.product-type.bundle.ui-testing";
		};
/* End PBXNativeTarget section */

/* Begin PBXProject section */
		9A3B5940281ABF59008ACEC4 /* Project object */ = {
			isa = PBXProject;
			attributes = {
				BuildIndependentTargetsInParallel = 1;
				LastSwiftUpdateCheck = 1330;
				LastUpgradeCheck = 1330;
				TargetAttributes = {
					9A3B5947281ABF59008ACEC4 = {
						CreatedOnToolsVersion = 13.3.1;
					};
					9A3B5960281ABF5F008ACEC4 = {
						CreatedOnToolsVersion = 13.3.1;
						TestTargetID = 9A3B5947281ABF59008ACEC4;
					};
					9A3B596A281ABF5F008ACEC4 = {
						CreatedOnToolsVersion = 13.3.1;
						TestTargetID = 9A3B5947281ABF59008ACEC4;
					};
				};
			};
			buildConfigurationList = 9A3B5943281ABF59008ACEC4 /* Build configuration list for PBXProject "Estudo" */;
			compatibilityVersion = "Xcode 13.0";
			developmentRegion = en;
			hasScannedForEncodings = 0;
			knownRegions = (
				en,
				Base,
			);
			mainGroup = 9A3B593F281ABF59008ACEC4;
			productRefGroup = 9A3B5949281ABF59008ACEC4 /* Products */;
			projectDirPath = "";
			projectRoot = "";
			targets = (
				9A3B5947281ABF59008ACEC4 /* Estudo */,
				9A3B5960281ABF5F008ACEC4 /* EstudoTests */,
				9A3B596A281ABF5F008ACEC4 /* EstudoUITests */,
			);
		};
/* End PBXProject section */

/* Begin PBXResourcesBuildPhase section */
		9A3B5946281ABF59008ACEC4 /* Resources */ = {
			isa = PBXResourcesBuildPhase;
			buildActionMask = 2147483647;
			files = (
				9A3B595B281ABF5E008ACEC4 /* LaunchScreen.storyboard in Resources */,
				9A0E38FF2860A2DF008CDD37 /* PokemonTableViewCell.xib in Resources */,
				9A29868728214ABB00B7FF2C /* CellDadosTableViewCell.xib in Resources */,
				9A3B5958281ABF5E008ACEC4 /* Assets.xcassets in Resources */,
				9A3B5953281ABF5A008ACEC4 /* Main.storyboard in Resources */,
			);
			runOnlyForDeploymentPostprocessing = 0;
		};
		9A3B595F281ABF5F008ACEC4 /* Resources */ = {
			isa = PBXResourcesBuildPhase;
			buildActionMask = 2147483647;
			files = (
			);
			runOnlyForDeploymentPostprocessing = 0;
		};
		9A3B5969281ABF5F008ACEC4 /* Resources */ = {
			isa = PBXResourcesBuildPhase;
			buildActionMask = 2147483647;
			files = (
			);
			runOnlyForDeploymentPostprocessing = 0;
		};
/* End PBXResourcesBuildPhase section */

/* Begin PBXSourcesBuildPhase section */
		9A3B5944281ABF59008ACEC4 /* Sources */ = {
			isa = PBXSourcesBuildPhase;
			buildActionMask = 2147483647;
			files = (
				9AD107C528200FB8003601DC /* SignUpViewController.swift in Sources */,
				9A8E49CE281C2B1E009DFAB6 /* UIView+Extensions.swift in Sources */,
				9A3B5950281ABF59008ACEC4 /* ViewController.swift in Sources */,
				9A3B594C281ABF59008ACEC4 /* AppDelegate.swift in Sources */,
				9A3B594E281ABF59008ACEC4 /* SceneDelegate.swift in Sources */,
				9A7317AC2841299900D494BC /* Pokemon.swift in Sources */,
				9AE80AEF283535AA00693423 /* SignInViewModel.swift in Sources */,
				9A29868628214ABB00B7FF2C /* CellDadosTableViewCell.swift in Sources */,
				9A2986832821415800B7FF2C /* DataBaseController.swift in Sources */,
				9A3B5956281ABF5A008ACEC4 /* Estudo.xcdatamodeld in Sources */,
				9A0E38FE2860A2DF008CDD37 /* PokemonTableViewCell.swift in Sources */,
			);
			runOnlyForDeploymentPostprocessing = 0;
		};
		9A3B595D281ABF5F008ACEC4 /* Sources */ = {
			isa = PBXSourcesBuildPhase;
			buildActionMask = 2147483647;
			files = (
				9A3B5966281ABF5F008ACEC4 /* EstudoTests.swift in Sources */,
			);
			runOnlyForDeploymentPostprocessing = 0;
		};
		9A3B5967281ABF5F008ACEC4 /* Sources */ = {
			isa = PBXSourcesBuildPhase;
			buildActionMask = 2147483647;
			files = (
				9A3B5972281ABF5F008ACEC4 /* EstudoUITestsLaunchTests.swift in Sources */,
				9A3B5970281ABF5F008ACEC4 /* EstudoUITests.swift in Sources */,
			);
			runOnlyForDeploymentPostprocessing = 0;
		};
/* End PBXSourcesBuildPhase section */

/* Begin PBXTargetDependency section */
		9A3B5963281ABF5F008ACEC4 /* PBXTargetDependency */ = {
			isa = PBXTargetDependency;
			target = 9A3B5947281ABF59008ACEC4 /* Estudo */;
			targetProxy = 9A3B5962281ABF5F008ACEC4 /* PBXContainerItemProxy */;
		};
		9A3B596D281ABF5F008ACEC4 /* PBXTargetDependency */ = {
			isa = PBXTargetDependency;
			target = 9A3B5947281ABF59008ACEC4 /* Estudo */;
			targetProxy = 9A3B596C281ABF5F008ACEC4 /* PBXContainerItemProxy */;
		};
/* End PBXTargetDependency section */

/* Begin PBXVariantGroup section */
		9A3B5951281ABF5A008ACEC4 /* Main.storyboard */ = {
			isa = PBXVariantGroup;
			children = (
				9A3B5952281ABF5A008ACEC4 /* Base */,
			);
			name = Main.storyboard;
			sourceTree = "<group>";
		};
		9A3B5959281ABF5E008ACEC4 /* LaunchScreen.storyboard */ = {
			isa = PBXVariantGroup;
			children = (
				9A3B595A281ABF5E008ACEC4 /* Base */,
			);
			name = LaunchScreen.storyboard;
			sourceTree = "<group>";
		};
/* End PBXVariantGroup section */

/* Begin XCBuildConfiguration section */
		9A3B5973281ABF5F008ACEC4 /* Debug */ = {
			isa = XCBuildConfiguration;
			buildSettings = {
				ALWAYS_SEARCH_USER_PATHS = NO;
				CLANG_ANALYZER_NONNULL = YES;
				CLANG_ANALYZER_NUMBER_OBJECT_CONVERSION = YES_AGGRESSIVE;
				CLANG_CXX_LANGUAGE_STANDARD = "gnu++17";
				CLANG_ENABLE_MODULES = YES;
				CLANG_ENABLE_OBJC_ARC = YES;
				CLANG_ENABLE_OBJC_WEAK = YES;
				CLANG_WARN_BLOCK_CAPTURE_AUTORELEASING = YES;
				CLANG_WARN_BOOL_CONVERSION = YES;
				CLANG_WARN_COMMA = YES;
				CLANG_WARN_CONSTANT_CONVERSION = YES;
				CLANG_WARN_DEPRECATED_OBJC_IMPLEMENTATIONS = YES;
				CLANG_WARN_DIRECT_OBJC_ISA_USAGE = YES_ERROR;
				CLANG_WARN_DOCUMENTATION_COMMENTS = YES;
				CLANG_WARN_EMPTY_BODY = YES;
				CLANG_WARN_ENUM_CONVERSION = YES;
				CLANG_WARN_INFINITE_RECURSION = YES;
				CLANG_WARN_INT_CONVERSION = YES;
				CLANG_WARN_NON_LITERAL_NULL_CONVERSION = YES;
				CLANG_WARN_OBJC_IMPLICIT_RETAIN_SELF = YES;
				CLANG_WARN_OBJC_LITERAL_CONVERSION = YES;
				CLANG_WARN_OBJC_ROOT_CLASS = YES_ERROR;
				CLANG_WARN_QUOTED_INCLUDE_IN_FRAMEWORK_HEADER = YES;
				CLANG_WARN_RANGE_LOOP_ANALYSIS = YES;
				CLANG_WARN_STRICT_PROTOTYPES = YES;
				CLANG_WARN_SUSPICIOUS_MOVE = YES;
				CLANG_WARN_UNGUARDED_AVAILABILITY = YES_AGGRESSIVE;
				CLANG_WARN_UNREACHABLE_CODE = YES;
				CLANG_WARN__DUPLICATE_METHOD_MATCH = YES;
				COPY_PHASE_STRIP = NO;
				DEBUG_INFORMATION_FORMAT = dwarf;
				ENABLE_STRICT_OBJC_MSGSEND = YES;
				ENABLE_TESTABILITY = YES;
				GCC_C_LANGUAGE_STANDARD = gnu11;
				GCC_DYNAMIC_NO_PIC = NO;
				GCC_NO_COMMON_BLOCKS = YES;
				GCC_OPTIMIZATION_LEVEL = 0;
				GCC_PREPROCESSOR_DEFINITIONS = (
					"DEBUG=1",
					"$(inherited)",
				);
				GCC_WARN_64_TO_32_BIT_CONVERSION = YES;
				GCC_WARN_ABOUT_RETURN_TYPE = YES_ERROR;
				GCC_WARN_UNDECLARED_SELECTOR = YES;
				GCC_WARN_UNINITIALIZED_AUTOS = YES_AGGRESSIVE;
				GCC_WARN_UNUSED_FUNCTION = YES;
				GCC_WARN_UNUSED_VARIABLE = YES;
				IPHONEOS_DEPLOYMENT_TARGET = 15.4;
				MTL_ENABLE_DEBUG_INFO = INCLUDE_SOURCE;
				MTL_FAST_MATH = YES;
				ONLY_ACTIVE_ARCH = YES;
				SDKROOT = iphoneos;
				SWIFT_ACTIVE_COMPILATION_CONDITIONS = DEBUG;
				SWIFT_OPTIMIZATION_LEVEL = "-Onone";
			};
			name = Debug;
		};
		9A3B5974281ABF5F008ACEC4 /* Release */ = {
			isa = XCBuildConfiguration;
			buildSettings = {
				ALWAYS_SEARCH_USER_PATHS = NO;
				CLANG_ANALYZER_NONNULL = YES;
				CLANG_ANALYZER_NUMBER_OBJECT_CONVERSION = YES_AGGRESSIVE;
				CLANG_CXX_LANGUAGE_STANDARD = "gnu++17";
				CLANG_ENABLE_MODULES = YES;
				CLANG_ENABLE_OBJC_ARC = YES;
				CLANG_ENABLE_OBJC_WEAK = YES;
				CLANG_WARN_BLOCK_CAPTURE_AUTORELEASING = YES;
				CLANG_WARN_BOOL_CONVERSION = YES;
				CLANG_WARN_COMMA = YES;
				CLANG_WARN_CONSTANT_CONVERSION = YES;
				CLANG_WARN_DEPRECATED_OBJC_IMPLEMENTATIONS = YES;
				CLANG_WARN_DIRECT_OBJC_ISA_USAGE = YES_ERROR;
				CLANG_WARN_DOCUMENTATION_COMMENTS = YES;
				CLANG_WARN_EMPTY_BODY = YES;
				CLANG_WARN_ENUM_CONVERSION = YES;
				CLANG_WARN_INFINITE_RECURSION = YES;
				CLANG_WARN_INT_CONVERSION = YES;
				CLANG_WARN_NON_LITERAL_NULL_CONVERSION = YES;
				CLANG_WARN_OBJC_IMPLICIT_RETAIN_SELF = YES;
				CLANG_WARN_OBJC_LITERAL_CONVERSION = YES;
				CLANG_WARN_OBJC_ROOT_CLASS = YES_ERROR;
				CLANG_WARN_QUOTED_INCLUDE_IN_FRAMEWORK_HEADER = YES;
				CLANG_WARN_RANGE_LOOP_ANALYSIS = YES;
				CLANG_WARN_STRICT_PROTOTYPES = YES;
				CLANG_WARN_SUSPICIOUS_MOVE = YES;
				CLANG_WARN_UNGUARDED_AVAILABILITY = YES_AGGRESSIVE;
				CLANG_WARN_UNREACHABLE_CODE = YES;
				CLANG_WARN__DUPLICATE_METHOD_MATCH = YES;
				COPY_PHASE_STRIP = NO;
				DEBUG_INFORMATION_FORMAT = "dwarf-with-dsym";
				ENABLE_NS_ASSERTIONS = NO;
				ENABLE_STRICT_OBJC_MSGSEND = YES;
				GCC_C_LANGUAGE_STANDARD = gnu11;
				GCC_NO_COMMON_BLOCKS = YES;
				GCC_WARN_64_TO_32_BIT_CONVERSION = YES;
				GCC_WARN_ABOUT_RETURN_TYPE = YES_ERROR;
				GCC_WARN_UNDECLARED_SELECTOR = YES;
				GCC_WARN_UNINITIALIZED_AUTOS = YES_AGGRESSIVE;
				GCC_WARN_UNUSED_FUNCTION = YES;
				GCC_WARN_UNUSED_VARIABLE = YES;
				IPHONEOS_DEPLOYMENT_TARGET = 15.4;
				MTL_ENABLE_DEBUG_INFO = NO;
				MTL_FAST_MATH = YES;
				SDKROOT = iphoneos;
				SWIFT_COMPILATION_MODE = wholemodule;
				SWIFT_OPTIMIZATION_LEVEL = "-O";
				VALIDATE_PRODUCT = YES;
			};
			name = Release;
		};
		9A3B5976281ABF5F008ACEC4 /* Debug */ = {
			isa = XCBuildConfiguration;
			buildSettings = {
				ASSETCATALOG_COMPILER_APPICON_NAME = AppIcon;
				ASSETCATALOG_COMPILER_GLOBAL_ACCENT_COLOR_NAME = AccentColor;
				CODE_SIGN_STYLE = Automatic;
				CURRENT_PROJECT_VERSION = 1;
				DEVELOPMENT_TEAM = GU4L396VX7;
				GENERATE_INFOPLIST_FILE = YES;
				INFOPLIST_FILE = Estudo/Info.plist;
				INFOPLIST_KEY_UIApplicationSupportsIndirectInputEvents = YES;
				INFOPLIST_KEY_UILaunchStoryboardName = LaunchScreen;
				INFOPLIST_KEY_UIMainStoryboardFile = Main;
				INFOPLIST_KEY_UISupportedInterfaceOrientations_iPad = "UIInterfaceOrientationPortrait UIInterfaceOrientationPortraitUpsideDown UIInterfaceOrientationLandscapeLeft UIInterfaceOrientationLandscapeRight";
				INFOPLIST_KEY_UISupportedInterfaceOrientations_iPhone = "UIInterfaceOrientationPortrait UIInterfaceOrientationLandscapeLeft UIInterfaceOrientationLandscapeRight";
				LD_RUNPATH_SEARCH_PATHS = (
					"$(inherited)",
					"@executable_path/Frameworks",
				);
				MARKETING_VERSION = 1.0;
				PRODUCT_BUNDLE_IDENTIFIER = Estudo.Estudo;
				PRODUCT_NAME = "$(TARGET_NAME)";
				SWIFT_EMIT_LOC_STRINGS = YES;
				SWIFT_VERSION = 5.0;
				TARGETED_DEVICE_FAMILY = "1,2";
			};
			name = Debug;
		};
		9A3B5977281ABF5F008ACEC4 /* Release */ = {
			isa = XCBuildConfiguration;
			buildSettings = {
				ASSETCATALOG_COMPILER_APPICON_NAME = AppIcon;
				ASSETCATALOG_COMPILER_GLOBAL_ACCENT_COLOR_NAME = AccentColor;
				CODE_SIGN_STYLE = Automatic;
				CURRENT_PROJECT_VERSION = 1;
				DEVELOPMENT_TEAM = GU4L396VX7;
				GENERATE_INFOPLIST_FILE = YES;
				INFOPLIST_FILE = Estudo/Info.plist;
				INFOPLIST_KEY_UIApplicationSupportsIndirectInputEvents = YES;
				INFOPLIST_KEY_UILaunchStoryboardName = LaunchScreen;
				INFOPLIST_KEY_UIMainStoryboardFile = Main;
				INFOPLIST_KEY_UISupportedInterfaceOrientations_iPad = "UIInterfaceOrientationPortrait UIInterfaceOrientationPortraitUpsideDown UIInterfaceOrientationLandscapeLeft UIInterfaceOrientationLandscapeRight";
				INFOPLIST_KEY_UISupportedInterfaceOrientations_iPhone = "UIInterfaceOrientationPortrait UIInterfaceOrientationLandscapeLeft UIInterfaceOrientationLandscapeRight";
				LD_RUNPATH_SEARCH_PATHS = (
					"$(inherited)",
					"@executable_path/Frameworks",
				);
				MARKETING_VERSION = 1.0;
				PRODUCT_BUNDLE_IDENTIFIER = Estudo.Estudo;
				PRODUCT_NAME = "$(TARGET_NAME)";
				SWIFT_EMIT_LOC_STRINGS = YES;
				SWIFT_VERSION = 5.0;
				TARGETED_DEVICE_FAMILY = "1,2";
			};
			name = Release;
		};
		9A3B5979281ABF5F008ACEC4 /* Debug */ = {
			isa = XCBuildConfiguration;
			buildSettings = {
				ALWAYS_EMBED_SWIFT_STANDARD_LIBRARIES = YES;
				BUNDLE_LOADER = "$(TEST_HOST)";
				CODE_SIGN_STYLE = Automatic;
				CURRENT_PROJECT_VERSION = 1;
				DEVELOPMENT_TEAM = GU4L396VX7;
				GENERATE_INFOPLIST_FILE = YES;
				IPHONEOS_DEPLOYMENT_TARGET = 15.4;
				MARKETING_VERSION = 1.0;
				PRODUCT_BUNDLE_IDENTIFIER = Estudo.EstudoTests;
				PRODUCT_NAME = "$(TARGET_NAME)";
				SWIFT_EMIT_LOC_STRINGS = NO;
				SWIFT_VERSION = 5.0;
				TARGETED_DEVICE_FAMILY = "1,2";
				TEST_HOST = "$(BUILT_PRODUCTS_DIR)/Estudo.app/Estudo";
			};
			name = Debug;
		};
		9A3B597A281ABF5F008ACEC4 /* Release */ = {
			isa = XCBuildConfiguration;
			buildSettings = {
				ALWAYS_EMBED_SWIFT_STANDARD_LIBRARIES = YES;
				BUNDLE_LOADER = "$(TEST_HOST)";
				CODE_SIGN_STYLE = Automatic;
				CURRENT_PROJECT_VERSION = 1;
				DEVELOPMENT_TEAM = GU4L396VX7;
				GENERATE_INFOPLIST_FILE = YES;
				IPHONEOS_DEPLOYMENT_TARGET = 15.4;
				MARKETING_VERSION = 1.0;
				PRODUCT_BUNDLE_IDENTIFIER = Estudo.EstudoTests;
				PRODUCT_NAME = "$(TARGET_NAME)";
				SWIFT_EMIT_LOC_STRINGS = NO;
				SWIFT_VERSION = 5.0;
				TARGETED_DEVICE_FAMILY = "1,2";
				TEST_HOST = "$(BUILT_PRODUCTS_DIR)/Estudo.app/Estudo";
			};
			name = Release;
		};
		9A3B597C281ABF5F008ACEC4 /* Debug */ = {
			isa = XCBuildConfiguration;
			buildSettings = {
				ALWAYS_EMBED_SWIFT_STANDARD_LIBRARIES = YES;
				CODE_SIGN_STYLE = Automatic;
				CURRENT_PROJECT_VERSION = 1;
				DEVELOPMENT_TEAM = GU4L396VX7;
				GENERATE_INFOPLIST_FILE = YES;
				MARKETING_VERSION = 1.0;
				PRODUCT_BUNDLE_IDENTIFIER = Estudo.EstudoUITests;
				PRODUCT_NAME = "$(TARGET_NAME)";
				SWIFT_EMIT_LOC_STRINGS = NO;
				SWIFT_VERSION = 5.0;
				TARGETED_DEVICE_FAMILY = "1,2";
				TEST_TARGET_NAME = Estudo;
			};
			name = Debug;
		};
		9A3B597D281ABF5F008ACEC4 /* Release */ = {
			isa = XCBuildConfiguration;
			buildSettings = {
				ALWAYS_EMBED_SWIFT_STANDARD_LIBRARIES = YES;
				CODE_SIGN_STYLE = Automatic;
				CURRENT_PROJECT_VERSION = 1;
				DEVELOPMENT_TEAM = GU4L396VX7;
				GENERATE_INFOPLIST_FILE = YES;
				MARKETING_VERSION = 1.0;
				PRODUCT_BUNDLE_IDENTIFIER = Estudo.EstudoUITests;
				PRODUCT_NAME = "$(TARGET_NAME)";
				SWIFT_EMIT_LOC_STRINGS = NO;
				SWIFT_VERSION = 5.0;
				TARGETED_DEVICE_FAMILY = "1,2";
				TEST_TARGET_NAME = Estudo;
			};
			name = Release;
		};
/* End XCBuildConfiguration section */

/* Begin XCConfigurationList section */
		9A3B5943281ABF59008ACEC4 /* Build configuration list for PBXProject "Estudo" */ = {
			isa = XCConfigurationList;
			buildConfigurations = (
				9A3B5973281ABF5F008ACEC4 /* Debug */,
				9A3B5974281ABF5F008ACEC4 /* Release */,
			);
			defaultConfigurationIsVisible = 0;
			defaultConfigurationName = Release;
		};
		9A3B5975281ABF5F008ACEC4 /* Build configuration list for PBXNativeTarget "Estudo" */ = {
			isa = XCConfigurationList;
			buildConfigurations = (
				9A3B5976281ABF5F008ACEC4 /* Debug */,
				9A3B5977281ABF5F008ACEC4 /* Release */,
			);
			defaultConfigurationIsVisible = 0;
			defaultConfigurationName = Release;
		};
		9A3B5978281ABF5F008ACEC4 /* Build configuration list for PBXNativeTarget "EstudoTests" */ = {
			isa = XCConfigurationList;
			buildConfigurations = (
				9A3B5979281ABF5F008ACEC4 /* Debug */,
				9A3B597A281ABF5F008ACEC4 /* Release */,
			);
			defaultConfigurationIsVisible = 0;
			defaultConfigurationName = Release;
		};
		9A3B597B281ABF5F008ACEC4 /* Build configuration list for PBXNativeTarget "EstudoUITests" */ = {
			isa = XCConfigurationList;
			buildConfigurations = (
				9A3B597C281ABF5F008ACEC4 /* Debug */,
				9A3B597D281ABF5F008ACEC4 /* Release */,
			);
			defaultConfigurationIsVisible = 0;
			defaultConfigurationName = Release;
		};
/* End XCConfigurationList section */

/* Begin XCVersionGroup section */
		9A3B5954281ABF5A008ACEC4 /* Estudo.xcdatamodeld */ = {
			isa = XCVersionGroup;
			children = (
				9A3B5955281ABF5A008ACEC4 /* Estudo.xcdatamodel */,
			);
			currentVersion = 9A3B5955281ABF5A008ACEC4 /* Estudo.xcdatamodel */;
			path = Estudo.xcdatamodeld;
			sourceTree = "<group>";
			versionGroupType = wrapper.xcdatamodel;
		};
/* End XCVersionGroup section */
	};
	rootObject = 9A3B5940281ABF59008ACEC4 /* Project object */;
}
